
Microsoft Visual Studio Solution File, Format Version 12.00
# Visual Studio Version 17
VisualStudioVersion = 17.14.36121.58 d17.14
MinimumVisualStudioVersion = 10.0.40219.1
Project("{FAE04EC0-301F-11D3-BF4B-00C04F79EFBC}") = "P02_SalesDatabase", "P02_SalesDatabase\P02_SalesDatabase.csproj", "{D2A5427D-9C5A-4343-9207-7655E8B5B907}"
EndProject
Global
	GlobalSection(SolutionConfigurationPlatforms) = preSolution
		Debug|Any CPU = Debug|Any CPU
		Release|Any CPU = Release|Any CPU
	EndGlobalSection
	GlobalSection(ProjectConfigurationPlatforms) = postSolution
		{D2A5427D-9C5A-4343-9207-7655E8B5B907}.Debug|Any CPU.ActiveCfg = Debug|Any CPU
		{D2A5427D-9C5A-4343-9207-7655E8B5B907}.Debug|Any CPU.Build.0 = Debug|Any CPU
		{D2A5427D-9C5A-4343-9207-7655E8B5B907}.Release|Any CPU.ActiveCfg = Release|Any CPU
		{D2A5427D-9C5A-4343-9207-7655E8B5B907}.Release|Any CPU.Build.0 = Release|Any CPU
	EndGlobalSection
	GlobalSection(SolutionProperties) = preSolution
		HideSolutionNode = FALSE
	EndGlobalSection
	GlobalSection(ExtensibilityGlobals) = postSolution
		SolutionGuid = {00FA8B6F-8071-4F1B-B090-94D9C13FDA76}
	EndGlobalSection
EndGlobal
